
Microsoft Visual Studio Solution File, Format Version 12.00
# Visual Studio Version 17
VisualStudioVersion = 17.4.33103.184
MinimumVisualStudioVersion = 10.0.40219.1
Project("{FAE04EC0-301F-11D3-BF4B-00C04F79EFBC}") = "ДЗ 3. Console program with objects", "ДЗ 3. Console program with objects.csproj", "{23C89239-CCEC-4674-AA55-A6DEE81AFB09}"
EndProject
Global
	GlobalSection(SolutionConfigurationPlatforms) = preSolution
		Debug|Any CPU = Debug|Any CPU
		Release|Any CPU = Release|Any CPU
	EndGlobalSection
	GlobalSection(ProjectConfigurationPlatforms) = postSolution
		{23C89239-CCEC-4674-AA55-A6DEE81AFB09}.Debug|Any CPU.ActiveCfg = Debug|Any CPU
		{23C89239-CCEC-4674-AA55-A6DEE81AFB09}.Debug|Any CPU.Build.0 = Debug|Any CPU
		{23C89239-CCEC-4674-AA55-A6DEE81AFB09}.Release|Any CPU.ActiveCfg = Release|Any CPU
		{23C89239-CCEC-4674-AA55-A6DEE81AFB09}.Release|Any CPU.Build.0 = Release|Any CPU
	EndGlobalSection
	GlobalSection(SolutionProperties) = preSolution
		HideSolutionNode = FALSE
	EndGlobalSection
	GlobalSection(ExtensibilityGlobals) = postSolution
		SolutionGuid = {06B52553-D2B9-4AF7-8E69-E6D9C20E1EDC}
	EndGlobalSection
EndGlobal
